github.com/mgilbir/andsifr v0.0.0-20260706220517-1793eb745c6f h1:1zvMjWXOWwVoCET7oavSdOIVnCJV4d5hDdtoJUrWDUg=
github.com/mgilbir/andsifr v0.0.0-20260706220517-1793eb745c6f/go.mod h1:Uh3/Oswp1l5MwPdGoLvNMnUbxq1mYDyrE0Vszec79W4=
golang.org/x/sys v0.44.0 h1:ildZl3J4uzeKP07r2F++Op7E9B29JRUy+a27EibtBTQ=
golang.org/x/sys v0.44.0/go.mod h1:4GL1E5IUh+htKOUEOaiffhrAeqysfVGipDYzABqnCmw=
