github.com/mgilbir/andsifr v0.0.0-20260704154319-e8b2bea930ce h1:ITC2uxB9G3cxRuoSp2x6d4RPTvyo/D89ikFBker7E7A=
github.com/mgilbir/andsifr v0.0.0-20260704154319-e8b2bea930ce/go.mod h1:Uh3/Oswp1l5MwPdGoLvNMnUbxq1mYDyrE0Vszec79W4=
golang.org/x/sys v0.44.0 h1:ildZl3J4uzeKP07r2F++Op7E9B29JRUy+a27EibtBTQ=
golang.org/x/sys v0.44.0/go.mod h1:4GL1E5IUh+htKOUEOaiffhrAeqysfVGipDYzABqnCmw=
